{
    "_readme": [
        "This file locks the dependencies of your project to a known state",
        "Read more about it at https://getcomposer.org/doc/01-basic-usage.md#composer-lock-the-lock-file",
        "This file is @generated automatically"
    ],
    "content-hash": "6efa53d57cafa1207742f7351ebbf501",
    "packages": [
        {
            "name": "guzzlehttp/guzzle",
            "version": "6.2.3",
            "source": {
                "type": "git",
                "url": "https://github.com/guzzle/guzzle.git",
                "reference": "8d6c6cc55186db87b7dc5009827429ba4e9dc006"
            },
            "dist": {
                "type": "zip",
                "url": "https://api.github.com/repos/guzzle/guzzle/zipball/8d6c6cc55186db87b7dc5009827429ba4e9dc006",
                "reference": "8d6c6cc55186db87b7dc5009827429ba4e9dc006",
                "shasum": ""
            },
            "require": {
                "guzzlehttp/promises": "^1.0",
                "guzzlehttp/psr7": "^1.4",
                "php": ">=5.5"
            },
            "require-dev": {
                "ext-curl": "*",
                "phpunit/phpunit": "^4.0",
                "psr/log": "^1.0"
            },
            "type": "library",
            "extra": {
                "branch-alias": {
                    "dev-master": "6.2-dev"
                }
            },
            "autoload": {
                "files": [
                    "src/functions_include.php"
                ],
                "psr-4": {
                    "GuzzleHttp\\": "src/"
                }
            },
            "notification-url": "https://packagist.org/downloads/",
            "license": [
                "MIT"
            ],
            "authors": [
                {
                    "name": "Michael Dowling",
                    "email": "mtdowling@gmail.com",
                    "homepage": "https://github.com/mtdowling"
                }
            ],
            "description": "Guzzle is a PHP HTTP client library",
            "homepage": "http://guzzlephp.org/",
            "keywords": [
                "client",
                "curl",
                "framework",
                "http",
                "http client",
                "rest",
                "web service"
            ],
            "time": "2017-02-28T22:50:30+00:00"
        },
        {
            "name": "guzzlehttp/promises",
            "version": "v1.3.1",
            "source": {
                "type": "git",
                "url": "https://github.com/guzzle/promises.git",
                "reference": "a59da6cf61d80060647ff4d3eb2c03a2bc694646"
            },
            "dist": {
                "type": "zip",
                "url": "https://api.github.com/repos/guzzle/promises/zipball/a59da6cf61d80060647ff4d3eb2c03a2bc694646",
                "reference": "a59da6cf61d80060647ff4d3eb2c03a2bc694646",
                "shasum": ""
            },
            "require": {
                "php": ">=5.5.0"
            },
            "require-dev": {
                "phpunit/phpunit": "^4.0"
            },
            "type": "library",
            "extra": {
                "branch-alias": {
                    "dev-master": "1.4-dev"
                }
            },
            "autoload": {
                "psr-4": {
                    "GuzzleHttp\\Promise\\": "src/"
                },
                "files": [
                    "src/functions_include.php"
                ]
            },
            "notification-url": "https://packagist.org/downloads/",
            "license": [
                "MIT"
            ],
            "authors": [
                {
                    "name": "Michael Dowling",
                    "email": "mtdowling@gmail.com",
                    "homepage": "https://github.com/mtdowling"
                }
            ],
            "description": "Guzzle promises library",
            "keywords": [
                "promise"
            ],
            "time": "2016-12-20T10:07:11+00:00"
        },
        {
            "name": "guzzlehttp/psr7",
            "version": "1.4.2",
            "source": {
                "type": "git",
                "url": "https://github.com/guzzle/psr7.git",
                "reference": "f5b8a8512e2b58b0071a7280e39f14f72e05d87c"
            },
            "dist": {
                "type": "zip",
                "url": "https://api.github.com/repos/guzzle/psr7/zipball/f5b8a8512e2b58b0071a7280e39f14f72e05d87c",
                "reference": "f5b8a8512e2b58b0071a7280e39f14f72e05d87c",
                "shasum": ""
            },
            "require": {
                "php": ">=5.4.0",
                "psr/http-message": "~1.0"
            },
            "provide": {
                "psr/http-message-implementation": "1.0"
            },
            "require-dev": {
                "phpunit/phpunit": "~4.0"
            },
            "type": "library",
            "extra": {
                "branch-alias": {
                    "dev-master": "1.4-dev"
                }
            },
            "autoload": {
                "psr-4": {
                    "GuzzleHttp\\Psr7\\": "src/"
                },
                "files": [
                    "src/functions_include.php"
                ]
            },
            "notification-url": "https://packagist.org/downloads/",
            "license": [
                "MIT"
            ],
            "authors": [
                {
                    "name": "Michael Dowling",
                    "email": "mtdowling@gmail.com",
                    "homepage": "https://github.com/mtdowling"
                },
                {
                    "name": "Tobias Schultze",
                    "homepage": "https://github.com/Tobion"
                }
            ],
            "description": "PSR-7 message implementation that also provides common utility methods",
            "keywords": [
                "http",
                "message",
                "request",
                "response",
                "stream",
                "uri",
                "url"
            ],
            "time": "2017-03-20T17:10:46+00:00"
        },
        {
            "name": "http-interop/http-factory",
            "version": "0.2.0",
            "source": {
                "type": "git",
                "url": "https://github.com/http-interop/http-factory.git",
                "reference": "403aec5f2451ff83b5ffffea0bfdb588502add3e"
            },
            "dist": {
                "type": "zip",
                "url": "https://api.github.com/repos/http-interop/http-factory/zipball/403aec5f2451ff83b5ffffea0bfdb588502add3e",
                "reference": "403aec5f2451ff83b5ffffea0bfdb588502add3e",
                "shasum": ""
            },
            "require": {
                "php": ">=5.3.0",
                "psr/http-message": "^1.0"
            },
            "type": "library",
            "extra": {
                "branch-alias": {
                    "dev-master": "1.0.x-dev"
                }
            },
            "autoload": {
                "psr-4": {
                    "Interop\\Http\\Factory\\": "src/"
                }
            },
            "notification-url": "https://packagist.org/downloads/",
            "license": [
                "MIT"
            ],
            "authors": [
                {
                    "name": "PHP-FIG",
                    "homepage": "http://www.php-fig.org/"
                }
            ],
            "description": "Common interface for HTTP message factories",
            "keywords": [
                "factory",
                "http",
                "message",
                "psr",
                "psr-17",
                "psr-7",
                "request",
                "response"
            ],
            "time": "2016-11-08T00:10:33+00:00"
        },
        {
            "name": "http-interop/http-middleware",
            "version": "0.4.1",
            "source": {
                "type": "git",
                "url": "https://github.com/http-interop/http-middleware.git",
                "reference": "9a801fe60e70d5d608b61d56b2dcde29516c81b9"
            },
            "dist": {
                "type": "zip",
                "url": "https://api.github.com/repos/http-interop/http-middleware/zipball/9a801fe60e70d5d608b61d56b2dcde29516c81b9",
                "reference": "9a801fe60e70d5d608b61d56b2dcde29516c81b9",
                "shasum": ""
            },
            "require": {
                "php": ">=5.3.0",
                "psr/http-message": "^1.0"
            },
            "type": "library",
            "extra": {
                "branch-alias": {
                    "dev-master": "1.0.x-dev"
                }
            },
            "autoload": {
                "psr-4": {
                    "Interop\\Http\\ServerMiddleware\\": "src/"
                }
            },
            "notification-url": "https://packagist.org/downloads/",
            "license": [
                "MIT"
            ],
            "authors": [
                {
                    "name": "PHP-FIG",
                    "homepage": "http://www.php-fig.org/"
                }
            ],
            "description": "Common interface for HTTP server-side middleware",
            "keywords": [
                "factory",
                "http",
                "middleware",
                "psr",
                "psr-17",
                "psr-7",
                "request",
                "response"
            ],
            "time": "2017-01-14T15:23:42+00:00"
        },
        {
            "name": "jpirnat/container",
            "version": "1.0.1",
            "source": {
                "type": "git",
                "url": "https://github.com/jpirnat/container.git",
                "reference": "074823af53eeb8a15a0d095ca9066f96bdc39265"
            },
            "dist": {
                "type": "zip",
                "url": "https://api.github.com/repos/jpirnat/container/zipball/074823af53eeb8a15a0d095ca9066f96bdc39265",
                "reference": "074823af53eeb8a15a0d095ca9066f96bdc39265",
                "shasum": ""
            },
            "require": {
                "level-2/dice": "^2.0",
                "php": "^7.0",
                "psr/container": "^1.0"
            },
            "provide": {
                "psr/container-implementation": "^1.0"
            },
            "require-dev": {
                "squizlabs/php_codesniffer": "^2.8"
            },
            "type": "library",
            "autoload": {
                "psr-4": {
                    "Jp\\Container\\": "src/"
                }
            },
            "notification-url": "https://packagist.org/downloads/",
            "authors": [
                {
                    "name": "Jesse Pirnat",
                    "email": "jessepirnat@gmail.com"
                }
            ],
            "description": "PSR-11 wrapper for Dice dependency injection container",
            "time": "2017-03-23T19:04:06+00:00"
        },
        {
            "name": "jpirnat/middleware",
            "version": "2.0.0",
            "source": {
                "type": "git",
                "url": "https://github.com/jpirnat/middleware.git",
                "reference": "e96fc8aff4d15c0988a0d2f9ad2760c84a592b64"
            },
            "dist": {
                "type": "zip",
                "url": "https://api.github.com/repos/jpirnat/middleware/zipball/e96fc8aff4d15c0988a0d2f9ad2760c84a592b64",
                "reference": "e96fc8aff4d15c0988a0d2f9ad2760c84a592b64",
                "shasum": ""
            },
            "require": {
                "http-interop/http-factory": "^0.2.0",
                "http-interop/http-middleware": "^0.4.1",
                "php": "^7.0",
                "psr/container": "^1.0",
                "psr/http-message": "^1.0"
            },
            "require-dev": {
                "squizlabs/php_codesniffer": "^2.8"
            },
            "type": "library",
            "autoload": {
                "psr-4": {
                    "Jp\\Middleware\\": "src/"
                }
            },
            "notification-url": "https://packagist.org/downloads/",
            "authors": [
                {
                    "name": "Jesse Pirnat",
                    "email": "jessepirnat@gmail.com"
                }
            ],
            "description": "PSR-15 middleware dispatcher using PSR-11 to retrieve middlewares",
            "time": "2017-03-27T15:24:57+00:00"
        },
        {
            "name": "level-2/dice",
            "version": "2.0.3",
            "source": {
                "type": "git",
                "url": "https://github.com/Level-2/Dice.git",
                "reference": "fee948c67e8881f081627f6b1791b841d2e5bd0e"
            },
            "dist": {
                "type": "zip",
                "url": "https://api.github.com/repos/Level-2/Dice/zipball/fee948c67e8881f081627f6b1791b841d2e5bd0e",
                "reference": "fee948c67e8881f081627f6b1791b841d2e5bd0e",
                "shasum": ""
            },
            "require": {
                "php": ">=5.6.0"
            },
            "type": "library",
            "autoload": {
                "psr-4": {
                    "Dice\\": "./"
                }
            },
            "notification-url": "https://packagist.org/downloads/",
            "license": [
                "BSD-2-Clause"
            ],
            "authors": [
                {
                    "name": "Tom Butler",
                    "email": "tom@r.je"
                }
            ],
            "description": "A minimalist Dependency injection container (DIC) for PHP. Please note: This branch is only compatible with PHP5.6. 5.5, 5.4 and 5.3 compatible version is available as a separate branch on github. ",
            "homepage": "http://r.je/dice.html",
            "keywords": [
                "dependency injection",
                "dependency injection container",
                "di",
                "ioc"
            ],
            "time": "2015-12-13T17:24:53+00:00"
        },
        {
            "name": "nikic/fast-route",
            "version": "v1.2.0",
            "source": {
                "type": "git",
                "url": "https://github.com/nikic/FastRoute.git",
                "reference": "b5f95749071c82a8e0f58586987627054400cdf6"
            },
            "dist": {
                "type": "zip",
                "url": "https://api.github.com/repos/nikic/FastRoute/zipball/b5f95749071c82a8e0f58586987627054400cdf6",
                "reference": "b5f95749071c82a8e0f58586987627054400cdf6",
                "shasum": ""
            },
            "require": {
                "php": ">=5.4.0"
            },
            "type": "library",
            "autoload": {
                "psr-4": {
                    "FastRoute\\": "src/"
                },
                "files": [
                    "src/functions.php"
                ]
            },
            "notification-url": "https://packagist.org/downloads/",
            "license": [
                "BSD-3-Clause"
            ],
            "authors": [
                {
                    "name": "Nikita Popov",
                    "email": "nikic@php.net"
                }
            ],
            "description": "Fast request router for PHP",
            "keywords": [
                "router",
                "routing"
            ],
            "time": "2017-01-19T11:35:12+00:00"
        },
        {
            "name": "psr/container",
            "version": "1.0.0",
            "source": {
                "type": "git",
                "url": "https://github.com/php-fig/container.git",
                "reference": "b7ce3b176482dbbc1245ebf52b181af44c2cf55f"
            },
            "dist": {
                "type": "zip",
                "url": "https://api.github.com/repos/php-fig/container/zipball/b7ce3b176482dbbc1245ebf52b181af44c2cf55f",
                "reference": "b7ce3b176482dbbc1245ebf52b181af44c2cf55f",
                "shasum": ""
            },
            "require": {
                "php": ">=5.3.0"
            },
            "type": "library",
            "extra": {
                "branch-alias": {
                    "dev-master": "1.0.x-dev"
                }
            },
            "autoload": {
                "psr-4": {
                    "Psr\\Container\\": "src/"
                }
            },
            "notification-url": "https://packagist.org/downloads/",
            "license": [
                "MIT"
            ],
            "authors": [
                {
                    "name": "PHP-FIG",
                    "homepage": "http://www.php-fig.org/"
                }
            ],
            "description": "Common Container Interface (PHP FIG PSR-11)",
            "homepage": "https://github.com/php-fig/container",
            "keywords": [
                "PSR-11",
                "container",
                "container-interface",
                "container-interop",
                "psr"
            ],
            "time": "2017-02-14T16:28:37+00:00"
        },
        {
            "name": "psr/http-message",
            "version": "1.0.1",
            "source": {
                "type": "git",
                "url": "https://github.com/php-fig/http-message.git",
                "reference": "f6561bf28d520154e4b0ec72be95418abe6d9363"
            },
            "dist": {
                "type": "zip",
                "url": "https://api.github.com/repos/php-fig/http-message/zipball/f6561bf28d520154e4b0ec72be95418abe6d9363",
                "reference": "f6561bf28d520154e4b0ec72be95418abe6d9363",
                "shasum": ""
            },
            "require": {
                "php": ">=5.3.0"
            },
            "type": "library",
            "extra": {
                "branch-alias": {
                    "dev-master": "1.0.x-dev"
                }
            },
            "autoload": {
                "psr-4": {
                    "Psr\\Http\\Message\\": "src/"
                }
            },
            "notification-url": "https://packagist.org/downloads/",
            "license": [
                "MIT"
            ],
            "authors": [
                {
                    "name": "PHP-FIG",
                    "homepage": "http://www.php-fig.org/"
                }
            ],
            "description": "Common interface for HTTP messages",
            "homepage": "https://github.com/php-fig/http-message",
            "keywords": [
                "http",
                "http-message",
                "psr",
                "psr-7",
                "request",
                "response"
            ],
            "time": "2016-08-06T14:39:51+00:00"
        },
        {
            "name": "spatie/regex",
            "version": "1.1.0",
            "source": {
                "type": "git",
                "url": "https://github.com/spatie/regex.git",
                "reference": "e62f3628d49e18d80ead79663b5e4b60baba105c"
            },
            "dist": {
                "type": "zip",
                "url": "https://api.github.com/repos/spatie/regex/zipball/e62f3628d49e18d80ead79663b5e4b60baba105c",
                "reference": "e62f3628d49e18d80ead79663b5e4b60baba105c",
                "shasum": ""
            },
            "require": {
                "php": "^7.0"
            },
            "require-dev": {
                "phpunit/phpunit": "5.*"
            },
            "type": "library",
            "autoload": {
                "psr-4": {
                    "Spatie\\Regex\\": "src"
                }
            },
            "notification-url": "https://packagist.org/downloads/",
            "license": [
                "MIT"
            ],
            "authors": [
                {
                    "name": "Sebastian De Deyne",
                    "email": "sebastian@spatie.be",
                    "homepage": "https://spatie.be",
                    "role": "Developer"
                }
            ],
            "description": "A sane interface for php's built in preg_* functions",
            "homepage": "https://github.com/spatie/regex",
            "keywords": [
                "expression",
                "expressions",
                "regex",
                "regular",
                "spatie"
            ],
            "time": "2016-09-15T14:29:02+00:00"
        },
        {
            "name": "symfony/dom-crawler",
            "version": "v3.2.6",
            "source": {
                "type": "git",
                "url": "https://github.com/symfony/dom-crawler.git",
                "reference": "403944e294cf4ceb3b8447f54cbad88ea7b99cee"
            },
            "dist": {
                "type": "zip",
                "url": "https://api.github.com/repos/symfony/dom-crawler/zipball/403944e294cf4ceb3b8447f54cbad88ea7b99cee",
                "reference": "403944e294cf4ceb3b8447f54cbad88ea7b99cee",
                "shasum": ""
            },
            "require": {
                "php": ">=5.5.9",
                "symfony/polyfill-mbstring": "~1.0"
            },
            "require-dev": {
                "symfony/css-selector": "~2.8|~3.0"
            },
            "suggest": {
                "symfony/css-selector": ""
            },
            "type": "library",
            "extra": {
                "branch-alias": {
                    "dev-master": "3.2-dev"
                }
            },
            "autoload": {
                "psr-4": {
                    "Symfony\\Component\\DomCrawler\\": ""
                },
                "exclude-from-classmap": [
                    "/Tests/"
                ]
            },
            "notification-url": "https://packagist.org/downloads/",
            "license": [
                "MIT"
            ],
            "authors": [
                {
                    "name": "Fabien Potencier",
                    "email": "fabien@symfony.com"
                },
                {
                    "name": "Symfony Community",
                    "homepage": "https://symfony.com/contributors"
                }
            ],
            "description": "Symfony DomCrawler Component",
            "homepage": "https://symfony.com",
            "time": "2017-02-21T09:12:04+00:00"
        },
        {
            "name": "symfony/polyfill-mbstring",
            "version": "v1.3.0",
            "source": {
                "type": "git",
                "url": "https://github.com/symfony/polyfill-mbstring.git",
                "reference": "e79d363049d1c2128f133a2667e4f4190904f7f4"
            },
            "dist": {
                "type": "zip",
                "url": "https://api.github.com/repos/symfony/polyfill-mbstring/zipball/e79d363049d1c2128f133a2667e4f4190904f7f4",
                "reference": "e79d363049d1c2128f133a2667e4f4190904f7f4",
                "shasum": ""
            },
            "require": {
                "php": ">=5.3.3"
            },
            "suggest": {
                "ext-mbstring": "For best performance"
            },
            "type": "library",
            "extra": {
                "branch-alias": {
                    "dev-master": "1.3-dev"
                }
            },
            "autoload": {
                "psr-4": {
                    "Symfony\\Polyfill\\Mbstring\\": ""
                },
                "files": [
                    "bootstrap.php"
                ]
            },
            "notification-url": "https://packagist.org/downloads/",
            "license": [
                "MIT"
            ],
            "authors": [
                {
                    "name": "Nicolas Grekas",
                    "email": "p@tchwork.com"
                },
                {
                    "name": "Symfony Community",
                    "homepage": "https://symfony.com/contributors"
                }
            ],
            "description": "Symfony polyfill for the Mbstring extension",
            "homepage": "https://symfony.com",
            "keywords": [
                "compatibility",
                "mbstring",
                "polyfill",
                "portable",
                "shim"
            ],
            "time": "2016-11-14T01:06:16+00:00"
        },
        {
            "name": "zendframework/zend-diactoros",
            "version": "1.4.0",
            "source": {
                "type": "git",
                "url": "https://github.com/zendframework/zend-diactoros.git",
                "reference": "b03f285a333f51e58c95cce54109a4a9ed691436"
            },
            "dist": {
                "type": "zip",
                "url": "https://api.github.com/repos/zendframework/zend-diactoros/zipball/b03f285a333f51e58c95cce54109a4a9ed691436",
                "reference": "b03f285a333f51e58c95cce54109a4a9ed691436",
                "shasum": ""
            },
            "require": {
                "php": "^5.4 || ^7.0",
                "psr/http-message": "~1.0"
            },
            "provide": {
                "psr/http-message-implementation": "1.0"
            },
            "require-dev": {
                "ext-dom": "*",
                "ext-libxml": "*",
                "phpunit/phpunit": "^4.6 || ^5.5",
                "zendframework/zend-coding-standard": "~1.0.0"
            },
            "type": "library",
            "extra": {
                "branch-alias": {
                    "dev-master": "1.4-dev",
                    "dev-develop": "1.5-dev"
                }
            },
            "autoload": {
                "psr-4": {
                    "Zend\\Diactoros\\": "src/"
                }
            },
            "notification-url": "https://packagist.org/downloads/",
            "license": [
                "BSD-2-Clause"
            ],
            "description": "PSR HTTP Message implementations",
            "homepage": "https://github.com/zendframework/zend-diactoros",
            "keywords": [
                "http",
                "psr",
                "psr-7"
            ],
            "time": "2017-04-06T16:18:34+00:00"
        }
    ],
    "packages-dev": [
        {
            "name": "filp/whoops",
            "version": "2.1.8",
            "source": {
                "type": "git",
                "url": "https://github.com/filp/whoops.git",
                "reference": "f2950be7da8b8d6c4e77821b6c9d486e36cdc4f3"
            },
            "dist": {
                "type": "zip",
                "url": "https://api.github.com/repos/filp/whoops/zipball/f2950be7da8b8d6c4e77821b6c9d486e36cdc4f3",
                "reference": "f2950be7da8b8d6c4e77821b6c9d486e36cdc4f3",
                "shasum": ""
            },
            "require": {
                "php": "^5.5.9 || ^7.0",
                "psr/log": "^1.0.1"
            },
            "require-dev": {
                "mockery/mockery": "0.9.*",
                "phpunit/phpunit": "^4.8 || ^5.0",
                "symfony/var-dumper": "^2.6 || ^3.0"
            },
            "suggest": {
                "symfony/var-dumper": "Pretty print complex values better with var-dumper available",
                "whoops/soap": "Formats errors as SOAP responses"
            },
            "type": "library",
            "extra": {
                "branch-alias": {
                    "dev-master": "2.0-dev"
                }
            },
            "autoload": {
                "psr-4": {
                    "Whoops\\": "src/Whoops/"
                }
            },
            "notification-url": "https://packagist.org/downloads/",
            "license": [
                "MIT"
            ],
            "authors": [
                {
                    "name": "Filipe Dobreira",
                    "homepage": "https://github.com/filp",
                    "role": "Developer"
                }
            ],
            "description": "php error handling for cool kids",
            "homepage": "https://filp.github.io/whoops/",
            "keywords": [
                "error",
                "exception",
                "handling",
                "library",
                "whoops",
                "zf2"
            ],
            "time": "2017-03-07T09:04:45+00:00"
        },
        {
            "name": "psr/log",
            "version": "1.0.2",
            "source": {
                "type": "git",
                "url": "https://github.com/php-fig/log.git",
                "reference": "4ebe3a8bf773a19edfe0a84b6585ba3d401b724d"
            },
            "dist": {
                "type": "zip",
                "url": "https://api.github.com/repos/php-fig/log/zipball/4ebe3a8bf773a19edfe0a84b6585ba3d401b724d",
                "reference": "4ebe3a8bf773a19edfe0a84b6585ba3d401b724d",
                "shasum": ""
            },
            "require": {
                "php": ">=5.3.0"
            },
            "type": "library",
            "extra": {
                "branch-alias": {
                    "dev-master": "1.0.x-dev"
                }
            },
            "autoload": {
                "psr-4": {
                    "Psr\\Log\\": "Psr/Log/"
                }
            },
            "notification-url": "https://packagist.org/downloads/",
            "license": [
                "MIT"
            ],
            "authors": [
                {
                    "name": "PHP-FIG",
                    "homepage": "http://www.php-fig.org/"
                }
            ],
            "description": "Common interface for logging libraries",
            "homepage": "https://github.com/php-fig/log",
            "keywords": [
                "log",
                "psr",
                "psr-3"
            ],
            "time": "2016-10-10T12:19:37+00:00"
        },
        {
            "name": "vlucas/phpdotenv",
            "version": "v2.4.0",
            "source": {
                "type": "git",
                "url": "https://github.com/vlucas/phpdotenv.git",
                "reference": "3cc116adbe4b11be5ec557bf1d24dc5e3a21d18c"
            },
            "dist": {
                "type": "zip",
                "url": "https://api.github.com/repos/vlucas/phpdotenv/zipball/3cc116adbe4b11be5ec557bf1d24dc5e3a21d18c",
                "reference": "3cc116adbe4b11be5ec557bf1d24dc5e3a21d18c",
                "shasum": ""
            },
            "require": {
                "php": ">=5.3.9"
            },
            "require-dev": {
                "phpunit/phpunit": "^4.8 || ^5.0"
            },
            "type": "library",
            "extra": {
                "branch-alias": {
                    "dev-master": "2.4-dev"
                }
            },
            "autoload": {
                "psr-4": {
                    "Dotenv\\": "src/"
                }
            },
            "notification-url": "https://packagist.org/downloads/",
            "license": [
                "BSD-3-Clause-Attribution"
            ],
            "authors": [
                {
                    "name": "Vance Lucas",
                    "email": "vance@vancelucas.com",
                    "homepage": "http://www.vancelucas.com"
                }
            ],
            "description": "Loads environment variables from `.env` to `getenv()`, `$_ENV` and `$_SERVER` automagically.",
            "keywords": [
                "dotenv",
                "env",
                "environment"
            ],
            "time": "2016-09-01T10:05:43+00:00"
        }
    ],
    "aliases": [],
    "minimum-stability": "stable",
    "stability-flags": [],
    "prefer-stable": false,
    "prefer-lowest": false,
    "platform": [],
    "platform-dev": [],
    "platform-overrides": {
        "php": "7.0"
    }
}
